
Microsoft Visual Studio Solution File, Format Version 12.00
# Visual Studio 14
VisualStudioVersion = 14.0.25420.1
MinimumVisualStudioVersion = 10.0.40219.1
Project("{8BC9CEB8-8B4A-11D0-8D11-00A0C91BC942}") = "FractalTestRender", "FractalTestRender\FractalTestRender.vcxproj", "{5D5D361B-89D1-40B5-A3A3-CAAAADC00A67}"
EndProject
Project("{8BC9CEB8-8B4A-11D0-8D11-00A0C91BC942}") = "FractalEngine", "FractalEngine\FractalEngine.vcxproj", "{8073F91B-8F62-4D96-85AB-8C5F953FAD5B}"
EndProject
Global
	GlobalSection(SolutionConfigurationPlatforms) = preSolution
		Debug|Win32 = Debug|Win32
		Debug|x64 = Debug|x64
		Release|Win32 = Release|Win32
		Release|x64 = Release|x64
	EndGlobalSection
	GlobalSection(ProjectConfigurationPlatforms) = postSolution
		{5D5D361B-89D1-40B5-A3A3-CAAAADC00A67}.Debug|Win32.ActiveCfg = Debug|Win32
		{5D5D361B-89D1-40B5-A3A3-CAAAADC00A67}.Debug|Win32.Build.0 = Debug|Win32
		{5D5D361B-89D1-40B5-A3A3-CAAAADC00A67}.Debug|x64.ActiveCfg = Debug|x64
		{5D5D361B-89D1-40B5-A3A3-CAAAADC00A67}.Debug|x64.Build.0 = Debug|x64
		{5D5D361B-89D1-40B5-A3A3-CAAAADC00A67}.Release|Win32.ActiveCfg = Release|Win32
		{5D5D361B-89D1-40B5-A3A3-CAAAADC00A67}.Release|Win32.Build.0 = Release|Win32
		{5D5D361B-89D1-40B5-A3A3-CAAAADC00A67}.Release|x64.ActiveCfg = Release|x64
		{5D5D361B-89D1-40B5-A3A3-CAAAADC00A67}.Release|x64.Build.0 = Release|x64
		{8073F91B-8F62-4D96-85AB-8C5F953FAD5B}.Debug|Win32.ActiveCfg = Debug|Win32
		{8073F91B-8F62-4D96-85AB-8C5F953FAD5B}.Debug|Win32.Build.0 = Debug|Win32
		{8073F91B-8F62-4D96-85AB-8C5F953FAD5B}.Debug|x64.ActiveCfg = Debug|x64
		{8073F91B-8F62-4D96-85AB-8C5F953FAD5B}.Debug|x64.Build.0 = Debug|x64
		{8073F91B-8F62-4D96-85AB-8C5F953FAD5B}.Release|Win32.ActiveCfg = Release|Win32
		{8073F91B-8F62-4D96-85AB-8C5F953FAD5B}.Release|Win32.Build.0 = Release|Win32
		{8073F91B-8F62-4D96-85AB-8C5F953FAD5B}.Release|x64.ActiveCfg = Release|x64
		{8073F91B-8F62-4D96-85AB-8C5F953FAD5B}.Release|x64.Build.0 = Release|x64
	EndGlobalSection
	GlobalSection(SolutionProperties) = preSolution
		HideSolutionNode = FALSE
	EndGlobalSection
	GlobalSection(TeamFoundationVersionControl) = preSolution
		SccNumberOfProjects = 3
		SccEnterpriseProvider = {4CA58AB2-18FA-4F8D-95D4-32DDF27D184C}
		SccTeamFoundationServer = https://fractalsoft.visualstudio.com/
		SccLocalPath0 = .
		SccProjectUniqueName1 = FractalTestRender\\FractalTestRender.vcxproj
		SccProjectName1 = FractalTestRender
		SccLocalPath1 = FractalTestRender
		SccProjectUniqueName2 = FractalEngine\\FractalEngine.vcxproj
		SccProjectName2 = FractalEngine
		SccLocalPath2 = FractalEngine
	EndGlobalSection
EndGlobal
