<?xml version="1.0" encoding="utf-8"?>
<Project ToolsVersion="4.0" xmlns="http://schemas.microsoft.com/developer/msbuild/2003">
  <ItemGroup>
    <Filter Include="Source Files">
      <UniqueIdentifier>{4FC737F1-C7A5-4376-A066-2A32D752A2FF}</UniqueIdentifier>
      <Extensions>cpp;c;cc;cxx;def;odl;idl;hpj;bat;asm;asmx</Extensions>
    </Filter>
    <Filter Include="Header Files">
      <UniqueIdentifier>{93995380-89BD-4b04-88EB-625FBE52EBFB}</UniqueIdentifier>
      <Extensions>h;hh;hpp;hxx;hm;inl;inc;xsd</Extensions>
    </Filter>
    <Filter Include="Resource Files">
      <UniqueIdentifier>{67DA6AB6-F800-4c08-8B7A-83BB121AAD01}</UniqueIdentifier>
      <Extensions>rc;ico;cur;bmp;dlg;rc2;rct;bin;rgs;gif;jpg;jpeg;jpe;resx;tiff;tif;png;wav;mfcribbon-ms</Extensions>
    </Filter>
  </ItemGroup>
  <ItemGroup>
    <ClCompile Include="FractalDebug.cpp">
      <Filter>Source Files</Filter>
    </ClCompile>
    <ClCompile Include="FractalGLSL.cpp">
      <Filter>Source Files</Filter>
    </ClCompile>
    <ClCompile Include="FractalImageLoader.cpp">
      <Filter>Source Files</Filter>
    </ClCompile>
    <ClCompile Include="FractalResourceManager.cpp">
      <Filter>Source Files</Filter>
    </ClCompile>
    <ClCompile Include="FractalSprite.cpp">
      <Filter>Source Files</Filter>
    </ClCompile>
    <ClCompile Include="FractalTextureCache.cpp">
      <Filter>Source Files</Filter>
    </ClCompile>
    <ClCompile Include="FractalWindow.cpp">
      <Filter>Source Files</Filter>
    </ClCompile>
    <ClCompile Include="FractalCamera2D.cpp">
      <Filter>Source Files</Filter>
    </ClCompile>
    <ClCompile Include="FractalSpriteBatch.cpp">
      <Filter>Source Files</Filter>
    </ClCompile>
    <ClCompile Include="FractalInputManager.cpp">
      <Filter>Source Files</Filter>
    </ClCompile>
    <ClCompile Include="FractalFileIOManager.cpp">
      <Filter>Source Files</Filter>
    </ClCompile>
    <ClCompile Include="FractalBullet.cpp">
      <Filter>Source Files</Filter>
    </ClCompile>
    <ClCompile Include="FractalPicoPNG.cpp">
      <Filter>Source Files</Filter>
    </ClCompile>
    <ClCompile Include="FractalSpriteFont.cpp">
      <Filter>Source Files</Filter>
    </ClCompile>
    <ClCompile Include="FractalAudio.cpp">
      <Filter>Source Files</Filter>
    </ClCompile>
    <ClCompile Include="FractalParticle.cpp">
      <Filter>Source Files</Filter>
    </ClCompile>
    <ClCompile Include="FractalPhysicsBox.cpp">
      <Filter>Source Files</Filter>
    </ClCompile>
  </ItemGroup>
  <ItemGroup>
    <ClInclude Include="FractalDebug.h">
      <Filter>Header Files</Filter>
    </ClInclude>
    <ClInclude Include="FractalGLSL.h">
      <Filter>Header Files</Filter>
    </ClInclude>
    <ClInclude Include="FractalGLTexture.h">
      <Filter>Header Files</Filter>
    </ClInclude>
    <ClInclude Include="FractalImageLoader.h">
      <Filter>Header Files</Filter>
    </ClInclude>
    <ClInclude Include="FractalResourceManager.h">
      <Filter>Header Files</Filter>
    </ClInclude>
    <ClInclude Include="FractalSprite.h">
      <Filter>Header Files</Filter>
    </ClInclude>
    <ClInclude Include="FractalTextureCache.h">
      <Filter>Header Files</Filter>
    </ClInclude>
    <ClInclude Include="FractalVertex.h">
      <Filter>Header Files</Filter>
    </ClInclude>
    <ClInclude Include="FractalWindow.h">
      <Filter>Header Files</Filter>
    </ClInclude>
    <ClInclude Include="FractalCamera2D.h">
      <Filter>Header Files</Filter>
    </ClInclude>
    <ClInclude Include="FractalSpriteBatch.h">
      <Filter>Header Files</Filter>
    </ClInclude>
    <ClInclude Include="FractalInputManager.h">
      <Filter>Header Files</Filter>
    </ClInclude>
    <ClInclude Include="FractalFileIOManager.h">
      <Filter>Header Files</Filter>
    </ClInclude>
    <ClInclude Include="FractalBullet.h">
      <Filter>Header Files</Filter>
    </ClInclude>
    <ClInclude Include="FractalPicoPNG.h">
      <Filter>Header Files</Filter>
    </ClInclude>
    <ClInclude Include="FractalSpriteFont.h">
      <Filter>Header Files</Filter>
    </ClInclude>
    <ClInclude Include="FractalAudio.h">
      <Filter>Header Files</Filter>
    </ClInclude>
    <ClInclude Include="FractalParticle.h">
      <Filter>Header Files</Filter>
    </ClInclude>
    <ClInclude Include="FractalPhysicsBox.h">
      <Filter>Header Files</Filter>
    </ClInclude>
  </ItemGroup>
</Project>